
Microsoft Visual Studio Solution File, Format Version 12.00
# Visual Studio 15
VisualStudioVersion = 15.0.28010.2048
MinimumVisualStudioVersion = 10.0.40219.1
Project("{FAE04EC0-301F-11D3-BF4B-00C04F79EFBC}") = "PlantPlacesWebService", "PlantPlacesWebService\PlantPlacesWebService.csproj", "{EC34C7F5-BBCA-46E4-BD65-E3F5BC10D850}"
EndProject
Global
	GlobalSection(SolutionConfigurationPlatforms) = preSolution
		Debug|Any CPU = Debug|Any CPU
		Release|Any CPU = Release|Any CPU
	EndGlobalSection
	GlobalSection(ProjectConfigurationPlatforms) = postSolution
		{EC34C7F5-BBCA-46E4-BD65-E3F5BC10D850}.Debug|Any CPU.ActiveCfg = Debug|Any CPU
		{EC34C7F5-BBCA-46E4-BD65-E3F5BC10D850}.Debug|Any CPU.Build.0 = Debug|Any CPU
		{EC34C7F5-BBCA-46E4-BD65-E3F5BC10D850}.Release|Any CPU.ActiveCfg = Release|Any CPU
		{EC34C7F5-BBCA-46E4-BD65-E3F5BC10D850}.Release|Any CPU.Build.0 = Release|Any CPU
	EndGlobalSection
	GlobalSection(SolutionProperties) = preSolution
		HideSolutionNode = FALSE
	EndGlobalSection
	GlobalSection(ExtensibilityGlobals) = postSolution
		SolutionGuid = {70B090E3-049F-4652-9CF1-BC7383547F08}
	EndGlobalSection
EndGlobal
